
Microsoft Visual Studio Solution File, Format Version 12.00
# Visual Studio Version 17
VisualStudioVersion = 17.13.35825.156
MinimumVisualStudioVersion = 10.0.40219.1
Project("{FAE04EC0-301F-11D3-BF4B-00C04F79EFBC}") = "RestroPosPresentation", "RestroPosPresentation\RestroPosPresentation.csproj", "{FE7E4DFB-353B-436A-878A-0B6D31000C56}"
EndProject
Project("{FAE04EC0-301F-11D3-BF4B-00C04F79EFBC}") = "PosModel", "PosModel\PosModel.csproj", "{5A5A95DE-1F05-4654-B3A7-0AE8B809A7C5}"
EndProject
Project("{FAE04EC0-301F-11D3-BF4B-00C04F79EFBC}") = "PosService", "PosService\PosService.csproj", "{A36EEFFA-6E85-4484-817C-6855F8EECF55}"
EndProject
Global
	GlobalSection(SolutionConfigurationPlatforms) = preSolution
		Debug|Any CPU = Debug|Any CPU
		Release|Any CPU = Release|Any CPU
	EndGlobalSection
	GlobalSection(ProjectConfigurationPlatforms) = postSolution
		{FE7E4DFB-353B-436A-878A-0B6D31000C56}.Debug|Any CPU.ActiveCfg = Debug|Any CPU
		{FE7E4DFB-353B-436A-878A-0B6D31000C56}.Debug|Any CPU.Build.0 = Debug|Any CPU
		{FE7E4DFB-353B-436A-878A-0B6D31000C56}.Release|Any CPU.ActiveCfg = Release|Any CPU
		{FE7E4DFB-353B-436A-878A-0B6D31000C56}.Release|Any CPU.Build.0 = Release|Any CPU
		{5A5A95DE-1F05-4654-B3A7-0AE8B809A7C5}.Debug|Any CPU.ActiveCfg = Debug|Any CPU
		{5A5A95DE-1F05-4654-B3A7-0AE8B809A7C5}.Debug|Any CPU.Build.0 = Debug|Any CPU
		{5A5A95DE-1F05-4654-B3A7-0AE8B809A7C5}.Release|Any CPU.ActiveCfg = Release|Any CPU
		{5A5A95DE-1F05-4654-B3A7-0AE8B809A7C5}.Release|Any CPU.Build.0 = Release|Any CPU
		{A36EEFFA-6E85-4484-817C-6855F8EECF55}.Debug|Any CPU.ActiveCfg = Debug|Any CPU
		{A36EEFFA-6E85-4484-817C-6855F8EECF55}.Debug|Any CPU.Build.0 = Debug|Any CPU
		{A36EEFFA-6E85-4484-817C-6855F8EECF55}.Release|Any CPU.ActiveCfg = Release|Any CPU
		{A36EEFFA-6E85-4484-817C-6855F8EECF55}.Release|Any CPU.Build.0 = Release|Any CPU
	EndGlobalSection
	GlobalSection(SolutionProperties) = preSolution
		HideSolutionNode = FALSE
	EndGlobalSection
	GlobalSection(ExtensibilityGlobals) = postSolution
		SolutionGuid = {2B3BE6C9-B913-447C-8E58-895CF6EF23B2}
	EndGlobalSection
EndGlobal
